// !$*UTF8*$!
{
	archiveVersion = 1;
	classes = {
	};
	objectVersion = 46;
	objects = {

/* Begin PBXBuildFile section */
		AE6B34881BC5E77A001D0CB0 /* BackgroundModel.cpp in Sources */ = {isa = PBXBuildFile; fileRef = AE6B34861BC5E77A001D0CB0 /* BackgroundModel.cpp */; settings = {ASSET_TAGS = (); }; };
		AEB897231BC4CAAD0024AD17 /* main.cpp in Sources */ = {isa = PBXBuildFile; fileRef = AEB897221BC4CAAD0024AD17 /* main.cpp */; };
		AEB8972C1BC4CB5B0024AD17 /* libfreeimage.3.17.0.dylib in Frameworks */ = {isa = PBXBuildFile; fileRef = AEB8972B1BC4CB5B0024AD17 /* libfreeimage.3.17.0.dylib */; };
		AEB897301BC4D3790024AD17 /* libopencv_core.2.4.12.dylib in Frameworks */ = {isa = PBXBuildFile; fileRef = AEB8972F1BC4D3790024AD17 /* libopencv_core.2.4.12.dylib */; };
		AEB897321BC4D4470024AD17 /* libopencv_video.2.4.12.dylib in Frameworks */ = {isa = PBXBuildFile; fileRef = AEB897311BC4D4470024AD17 /* libopencv_video.2.4.12.dylib */; };
		AEB897341BC4D46B0024AD17 /* libopencv_highgui.2.4.12.dylib in Frameworks */ = {isa = PBXBuildFile; fileRef = AEB897331BC4D46B0024AD17 /* libopencv_highgui.2.4.12.dylib */; };
		AEB897361BC4D4C70024AD17 /* libopencv_imgproc.2.4.12.dylib in Frameworks */ = {isa = PBXBuildFile; fileRef = AEB897351BC4D4C70024AD17 /* libopencv_imgproc.2.4.12.dylib */; };
		AED85BF21BC5049600F873D5 /* bgthreads.cpp in Sources */ = {isa = PBXBuildFile; fileRef = AED85BF01BC5049600F873D5 /* bgthreads.cpp */; settings = {ASSET_TAGS = (); }; };
		AED85BF41BC5077200F873D5 /* libboost_thread-mt.dylib in Frameworks */ = {isa = PBXBuildFile; fileRef = AED85BF31BC5077200F873D5 /* libboost_thread-mt.dylib */; };
		AED85BF61BC5079A00F873D5 /* libboost_system-mt.dylib in Frameworks */ = {isa = PBXBuildFile; fileRef = AED85BF51BC5079A00F873D5 /* libboost_system-mt.dylib */; };
		AED85BF91BC50A1200F873D5 /* fi2mat.cpp in Sources */ = {isa = PBXBuildFile; fileRef = AED85BF71BC50A1200F873D5 /* fi2mat.cpp */; settings = {ASSET_TAGS = (); }; };
/* End PBXBuildFile section */

/* Begin PBXCopyFilesBuildPhase section */
		AEB8971D1BC4CAAD0024AD17 /* CopyFiles */ = {
			isa = PBXCopyFilesBuildPhase;
			buildActionMask = 2147483647;
			dstPath = /usr/share/man/man1/;
			dstSubfolderSpec = 0;
			files = (
			);
			runOnlyForDeploymentPostprocessing = 1;
		};
/* End PBXCopyFilesBuildPhase section */

/* Begin PBXFileReference section */
		AE2C531D1BCB869A001D5B9F /* PixelVal.h */ = {isa = PBXFileReference; lastKnownFileType = sourcecode.c.h; path = PixelVal.h; sourceTree = "<group>"; };
		AE2C531E1BCBBB76001D5B9F /* Timer.hpp */ = {isa = PBXFileReference; lastKnownFileType = sourcecode.cpp.h; path = Timer.hpp; sourceTree = "<group>"; };
		AE6B34861BC5E77A001D0CB0 /* BackgroundModel.cpp */ = {isa = PBXFileReference; fileEncoding = 4; lastKnownFileType = sourcecode.cpp.cpp; path = BackgroundModel.cpp; sourceTree = "<group>"; };
		AE6B34871BC5E77A001D0CB0 /* BackgroundModel.hpp */ = {isa = PBXFileReference; fileEncoding = 4; lastKnownFileType = sourcecode.cpp.h; path = BackgroundModel.hpp; sourceTree = "<group>"; };
		AEB8971F1BC4CAAD0024AD17 /* BackgroundEstimator */ = {isa = PBXFileReference; explicitFileType = "compiled.mach-o.executable"; includeInIndex = 0; path = BackgroundEstimator; sourceTree = BUILT_PRODUCTS_DIR; };
		AEB897221BC4CAAD0024AD17 /* main.cpp */ = {isa = PBXFileReference; lastKnownFileType = sourcecode.cpp.cpp; path = main.cpp; sourceTree = "<group>"; };
		AEB8972B1BC4CB5B0024AD17 /* libfreeimage.3.17.0.dylib */ = {isa = PBXFileReference; lastKnownFileType = "compiled.mach-o.dylib"; name = libfreeimage.3.17.0.dylib; path = ../../../../../../../usr/local/Cellar/freeimage/3.17.0/lib/libfreeimage.3.17.0.dylib; sourceTree = "<group>"; };
		AEB8972F1BC4D3790024AD17 /* libopencv_core.2.4.12.dylib */ = {isa = PBXFileReference; lastKnownFileType = "compiled.mach-o.dylib"; name = libopencv_core.2.4.12.dylib; path = ../../../../../../../usr/local/Cellar/opencv/2.4.12/lib/libopencv_core.2.4.12.dylib; sourceTree = "<group>"; };
		AEB897311BC4D4470024AD17 /* libopencv_video.2.4.12.dylib */ = {isa = PBXFileReference; lastKnownFileType = "compiled.mach-o.dylib"; name = libopencv_video.2.4.12.dylib; path = ../../../../../../../usr/local/Cellar/opencv/2.4.12/lib/libopencv_video.2.4.12.dylib; sourceTree = "<group>"; };
		AEB897331BC4D46B0024AD17 /* libopencv_highgui.2.4.12.dylib */ = {isa = PBXFileReference; lastKnownFileType = "compiled.mach-o.dylib"; name = libopencv_highgui.2.4.12.dylib; path = ../../../../../../../usr/local/Cellar/opencv/2.4.12/lib/libopencv_highgui.2.4.12.dylib; sourceTree = "<group>"; };
		AEB897351BC4D4C70024AD17 /* libopencv_imgproc.2.4.12.dylib */ = {isa = PBXFileReference; lastKnownFileType = "compiled.mach-o.dylib"; name = libopencv_imgproc.2.4.12.dylib; path = ../../../../../../../usr/local/Cellar/opencv/2.4.12/lib/libopencv_imgproc.2.4.12.dylib; sourceTree = "<group>"; };
		AED85BF01BC5049600F873D5 /* bgthreads.cpp */ = {isa = PBXFileReference; fileEncoding = 4; lastKnownFileType = sourcecode.cpp.cpp; path = bgthreads.cpp; sourceTree = "<group>"; };
		AED85BF11BC5049600F873D5 /* bgthreads.hpp */ = {isa = PBXFileReference; fileEncoding = 4; lastKnownFileType = sourcecode.cpp.h; path = bgthreads.hpp; sourceTree = "<group>"; };
		AED85BF31BC5077200F873D5 /* libboost_thread-mt.dylib */ = {isa = PBXFileReference; lastKnownFileType = "compiled.mach-o.dylib"; name = "libboost_thread-mt.dylib"; path = "../../../../../../../usr/local/Cellar/boost/1.57.0/lib/libboost_thread-mt.dylib"; sourceTree = "<group>"; };
		AED85BF51BC5079A00F873D5 /* libboost_system-mt.dylib */ = {isa = PBXFileReference; lastKnownFileType = "compiled.mach-o.dylib"; name = "libboost_system-mt.dylib"; path = "../../../../../../../usr/local/Cellar/boost/1.57.0/lib/libboost_system-mt.dylib"; sourceTree = "<group>"; };
		AED85BF71BC50A1200F873D5 /* fi2mat.cpp */ = {isa = PBXFileReference; fileEncoding = 4; lastKnownFileType = sourcecode.cpp.cpp; path = fi2mat.cpp; sourceTree = "<group>"; };
		AED85BF81BC50A1200F873D5 /* fi2mat.hpp */ = {isa = PBXFileReference; fileEncoding = 4; lastKnownFileType = sourcecode.cpp.h; path = fi2mat.hpp; sourceTree = "<group>"; };
/* End PBXFileReference section */

/* Begin PBXFrameworksBuildPhase section */
		AEB8971C1BC4CAAD0024AD17 /* Frameworks */ = {
			isa = PBXFrameworksBuildPhase;
			buildActionMask = 2147483647;
			files = (
				AED85BF61BC5079A00F873D5 /* libboost_system-mt.dylib in Frameworks */,
				AED85BF41BC5077200F873D5 /* libboost_thread-mt.dylib in Frameworks */,
				AEB897361BC4D4C70024AD17 /* libopencv_imgproc.2.4.12.dylib in Frameworks */,
				AEB897341BC4D46B0024AD17 /* libopencv_highgui.2.4.12.dylib in Frameworks */,
				AEB897321BC4D4470024AD17 /* libopencv_video.2.4.12.dylib in Frameworks */,
				AEB897301BC4D3790024AD17 /* libopencv_core.2.4.12.dylib in Frameworks */,
				AEB8972C1BC4CB5B0024AD17 /* libfreeimage.3.17.0.dylib in Frameworks */,
			);
			runOnlyForDeploymentPostprocessing = 0;
		};
/* End PBXFrameworksBuildPhase section */

/* Begin PBXGroup section */
		AEB897161BC4CAAD0024AD17 = {
			isa = PBXGroup;
			children = (
				AED85BF51BC5079A00F873D5 /* libboost_system-mt.dylib */,
				AED85BF31BC5077200F873D5 /* libboost_thread-mt.dylib */,
				AEB897351BC4D4C70024AD17 /* libopencv_imgproc.2.4.12.dylib */,
				AEB897331BC4D46B0024AD17 /* libopencv_highgui.2.4.12.dylib */,
				AEB897311BC4D4470024AD17 /* libopencv_video.2.4.12.dylib */,
				AEB8972F1BC4D3790024AD17 /* libopencv_core.2.4.12.dylib */,
				AEB8972B1BC4CB5B0024AD17 /* libfreeimage.3.17.0.dylib */,
				AEB897211BC4CAAD0024AD17 /* BackgroundEstimator */,
				AEB897201BC4CAAD0024AD17 /* Products */,
			);
			sourceTree = "<group>";
		};
		AEB897201BC4CAAD0024AD17 /* Products */ = {
			isa = PBXGroup;
			children = (
				AEB8971F1BC4CAAD0024AD17 /* BackgroundEstimator */,
			);
			name = Products;
			sourceTree = "<group>";
		};
		AEB897211BC4CAAD0024AD17 /* BackgroundEstimator */ = {
			isa = PBXGroup;
			children = (
				AEB897221BC4CAAD0024AD17 /* main.cpp */,
				AED85BF01BC5049600F873D5 /* bgthreads.cpp */,
				AED85BF11BC5049600F873D5 /* bgthreads.hpp */,
				AED85BF71BC50A1200F873D5 /* fi2mat.cpp */,
				AED85BF81BC50A1200F873D5 /* fi2mat.hpp */,
				AE6B34861BC5E77A001D0CB0 /* BackgroundModel.cpp */,
				AE6B34871BC5E77A001D0CB0 /* BackgroundModel.hpp */,
				AE2C531D1BCB869A001D5B9F /* PixelVal.h */,
				AE2C531E1BCBBB76001D5B9F /* Timer.hpp */,
			);
			path = BackgroundEstimator;
			sourceTree = "<group>";
		};
/* End PBXGroup section */

/* Begin PBXNativeTarget section */
		AEB8971E1BC4CAAD0024AD17 /* BackgroundEstimator */ = {
			isa = PBXNativeTarget;
			buildConfigurationList = AEB897261BC4CAAD0024AD17 /* Build configuration list for PBXNativeTarget "BackgroundEstimator" */;
			buildPhases = (
				AEB8971B1BC4CAAD0024AD17 /* Sources */,
				AEB8971C1BC4CAAD0024AD17 /* Frameworks */,
				AEB8971D1BC4CAAD0024AD17 /* CopyFiles */,
			);
			buildRules = (
			);
			dependencies = (
			);
			name = BackgroundEstimator;
			productName = BackgroundEstimator;
			productReference = AEB8971F1BC4CAAD0024AD17 /* BackgroundEstimator */;
			productType = "com.apple.product-type.tool";
		};
/* End PBXNativeTarget section */

/* Begin PBXProject section */
		AEB897171BC4CAAD0024AD17 /* Project object */ = {
			isa = PBXProject;
			attributes = {
				LastUpgradeCheck = 0700;
				ORGANIZATIONNAME = "Iain Nash";
				TargetAttributes = {
					AEB8971E1BC4CAAD0024AD17 = {
						CreatedOnToolsVersion = 7.0;
					};
				};
			};
			buildConfigurationList = AEB8971A1BC4CAAD0024AD17 /* Build configuration list for PBXProject "BackgroundEstimator" */;
			compatibilityVersion = "Xcode 3.2";
			developmentRegion = English;
			hasScannedForEncodings = 0;
			knownRegions = (
				en,
			);
			mainGroup = AEB897161BC4CAAD0024AD17;
			productRefGroup = AEB897201BC4CAAD0024AD17 /* Products */;
			projectDirPath = "";
			projectRoot = "";
			targets = (
				AEB8971E1BC4CAAD0024AD17 /* BackgroundEstimator */,
			);
		};
/* End PBXProject section */

/* Begin PBXSourcesBuildPhase section */
		AEB8971B1BC4CAAD0024AD17 /* Sources */ = {
			isa = PBXSourcesBuildPhase;
			buildActionMask = 2147483647;
			files = (
				AED85BF21BC5049600F873D5 /* bgthreads.cpp in Sources */,
				AE6B34881BC5E77A001D0CB0 /* BackgroundModel.cpp in Sources */,
				AEB897231BC4CAAD0024AD17 /* main.cpp in Sources */,
				AED85BF91BC50A1200F873D5 /* fi2mat.cpp in Sources */,
			);
			runOnlyForDeploymentPostprocessing = 0;
		};
/* End PBXSourcesBuildPhase section */

/* Begin XCBuildConfiguration section */
		AEB897241BC4CAAD0024AD17 /* Debug */ = {
			isa = XCBuildConfiguration;
			buildSettings = {
				ALWAYS_SEARCH_USER_PATHS = NO;
				CLANG_CXX_LANGUAGE_STANDARD = "gnu++0x";
				CLANG_CXX_LIBRARY = "libc++";
				CLANG_ENABLE_MODULES = YES;
				CLANG_ENABLE_OBJC_ARC = YES;
				CLANG_WARN_BOOL_CONVERSION = YES;
				CLANG_WARN_CONSTANT_CONVERSION = YES;
				CLANG_WARN_DIRECT_OBJC_ISA_USAGE = YES_ERROR;
				CLANG_WARN_EMPTY_BODY = YES;
				CLANG_WARN_ENUM_CONVERSION = YES;
				CLANG_WARN_INT_CONVERSION = YES;
				CLANG_WARN_OBJC_ROOT_CLASS = YES_ERROR;
				CLANG_WARN_UNREACHABLE_CODE = YES;
				CLANG_WARN__DUPLICATE_METHOD_MATCH = YES;
				COPY_PHASE_STRIP = NO;
				DEBUG_INFORMATION_FORMAT = dwarf;
				ENABLE_STRICT_OBJC_MSGSEND = YES;
				ENABLE_TESTABILITY = YES;
				GCC_C_LANGUAGE_STANDARD = gnu99;
				GCC_DYNAMIC_NO_PIC = NO;
				GCC_NO_COMMON_BLOCKS = YES;
				GCC_OPTIMIZATION_LEVEL = 0;
				GCC_PREPROCESSOR_DEFINITIONS = (
					"DEBUG=1",
					"$(inherited)",
				);
				GCC_WARN_64_TO_32_BIT_CONVERSION = YES;
				GCC_WARN_ABOUT_RETURN_TYPE = YES_ERROR;
				GCC_WARN_UNDECLARED_SELECTOR = YES;
				GCC_WARN_UNINITIALIZED_AUTOS = YES_AGGRESSIVE;
				GCC_WARN_UNUSED_FUNCTION = YES;
				GCC_WARN_UNUSED_VARIABLE = YES;
				MACOSX_DEPLOYMENT_TARGET = 10.10;
				MTL_ENABLE_DEBUG_INFO = YES;
				ONLY_ACTIVE_ARCH = YES;
				SDKROOT = macosx;
			};
			name = Debug;
		};
		AEB897251BC4CAAD0024AD17 /* Release */ = {
			isa = XCBuildConfiguration;
			buildSettings = {
				ALWAYS_SEARCH_USER_PATHS = NO;
				CLANG_CXX_LANGUAGE_STANDARD = "gnu++0x";
				CLANG_CXX_LIBRARY = "libc++";
				CLANG_ENABLE_MODULES = YES;
				CLANG_ENABLE_OBJC_ARC = YES;
				CLANG_WARN_BOOL_CONVERSION = YES;
				CLANG_WARN_CONSTANT_CONVERSION = YES;
				CLANG_WARN_DIRECT_OBJC_ISA_USAGE = YES_ERROR;
				CLANG_WARN_EMPTY_BODY = YES;
				CLANG_WARN_ENUM_CONVERSION = YES;
				CLANG_WARN_INT_CONVERSION = YES;
				CLANG_WARN_OBJC_ROOT_CLASS = YES_ERROR;
				CLANG_WARN_UNREACHABLE_CODE = YES;
				CLANG_WARN__DUPLICATE_METHOD_MATCH = YES;
				COPY_PHASE_STRIP = NO;
				DEBUG_INFORMATION_FORMAT = "dwarf-with-dsym";
				ENABLE_NS_ASSERTIONS = NO;
				ENABLE_STRICT_OBJC_MSGSEND = YES;
				GCC_C_LANGUAGE_STANDARD = gnu99;
				GCC_NO_COMMON_BLOCKS = YES;
				GCC_WARN_64_TO_32_BIT_CONVERSION = YES;
				GCC_WARN_ABOUT_RETURN_TYPE = YES_ERROR;
				GCC_WARN_UNDECLARED_SELECTOR = YES;
				GCC_WARN_UNINITIALIZED_AUTOS = YES_AGGRESSIVE;
				GCC_WARN_UNUSED_FUNCTION = YES;
				GCC_WARN_UNUSED_VARIABLE = YES;
				MACOSX_DEPLOYMENT_TARGET = 10.10;
				MTL_ENABLE_DEBUG_INFO = NO;
				SDKROOT = macosx;
			};
			name = Release;
		};
		AEB897271BC4CAAD0024AD17 /* Debug */ = {
			isa = XCBuildConfiguration;
			buildSettings = {
				HEADER_SEARCH_PATHS = /usr/local/include;
				LIBRARY_SEARCH_PATHS = (
					"$(inherited)",
					/usr/local/Cellar/freeimage/3.17.0/lib,
					/usr/local/lib,
					/usr/local/Cellar/opencv/2.4.12/lib,
					/usr/local/Cellar/boost/1.57.0/lib,
				);
				PRODUCT_NAME = "$(TARGET_NAME)";
			};
			name = Debug;
		};
		AEB897281BC4CAAD0024AD17 /* Release */ = {
			isa = XCBuildConfiguration;
			buildSettings = {
				HEADER_SEARCH_PATHS = /usr/local/include;
				LIBRARY_SEARCH_PATHS = (
					"$(inherited)",
					/usr/local/Cellar/freeimage/3.17.0/lib,
					/usr/local/lib,
					/usr/local/Cellar/opencv/2.4.12/lib,
					/usr/local/Cellar/boost/1.57.0/lib,
				);
				PRODUCT_NAME = "$(TARGET_NAME)";
			};
			name = Release;
		};
/* End XCBuildConfiguration section */

/* Begin XCConfigurationList section */
		AEB8971A1BC4CAAD0024AD17 /* Build configuration list for PBXProject "BackgroundEstimator" */ = {
			isa = XCConfigurationList;
			buildConfigurations = (
				AEB897241BC4CAAD0024AD17 /* Debug */,
				AEB897251BC4CAAD0024AD17 /* Release */,
			);
			defaultConfigurationIsVisible = 0;
			defaultConfigurationName = Release;
		};
		AEB897261BC4CAAD0024AD17 /* Build configuration list for PBXNativeTarget "BackgroundEstimator" */ = {
			isa = XCConfigurationList;
			buildConfigurations = (
				AEB897271BC4CAAD0024AD17 /* Debug */,
				AEB897281BC4CAAD0024AD17 /* Release */,
			);
			defaultConfigurationIsVisible = 0;
			defaultConfigurationName = Release;
		};
/* End XCConfigurationList section */
	};
	rootObject = AEB897171BC4CAAD0024AD17 /* Project object */;
}
