// !$*UTF8*$!
{
	archiveVersion = 1;
	classes = {
	};
	objectVersion = 46;
	objects = {

/* Begin PBXBuildFile section */
		AEB897231BC4CAAD0024AD17 /* main.cpp in Sources */ = {isa = PBXBuildFile; fileRef = AEB897221BC4CAAD0024AD17 /* main.cpp */; };
/* End PBXBuildFile section */

/* Begin PBXCopyFilesBuildPhase section */
		AEB8971D1BC4CAAD0024AD17 /* CopyFiles */ = {
			isa = PBXCopyFilesBuildPhase;
			buildActionMask = 2147483647;
			dstPath = /usr/share/man/man1/;
			dstSubfolderSpec = 0;
			files = (
			);
			runOnlyForDeploymentPostprocessing = 1;
		};
/* End PBXCopyFilesBuildPhase section */

/* Begin PBXFileReference section */
		AEB8971F1BC4CAAD0024AD17 /* BackgroundEstimator */ = {isa = PBXFileReference; explicitFileType = "compiled.mach-o.executable"; includeInIndex = 0; path = BackgroundEstimator; sourceTree = BUILT_PRODUCTS_DIR; };
		AEB897221BC4CAAD0024AD17 /* main.cpp */ = {isa = PBXFileReference; lastKnownFileType = sourcecode.cpp.cpp; path = main.cpp; sourceTree = "<group>"; };
/* End PBXFileReference section */

/* Begin PBXFrameworksBuildPhase section */
		AEB8971C1BC4CAAD0024AD17 /* Frameworks */ = {
			isa = PBXFrameworksBuildPhase;
			buildActionMask = 2147483647;
			files = (
			);
			runOnlyForDeploymentPostprocessing = 0;
		};
/* End PBXFrameworksBuildPhase section */

/* Begin PBXGroup section */
		AEB897161BC4CAAD0024AD17 = {
			isa = PBXGroup;
			children = (
				AEB897211BC4CAAD0024AD17 /* BackgroundEstimator */,
				AEB897201BC4CAAD0024AD17 /* Products */,
			);
			sourceTree = "<group>";
		};
		AEB897201BC4CAAD0024AD17 /* Products */ = {
			isa = PBXGroup;
			children = (
				AEB8971F1BC4CAAD0024AD17 /* BackgroundEstimator */,
			);
			name = Products;
			sourceTree = "<group>";
		};
		AEB897211BC4CAAD0024AD17 /* BackgroundEstimator */ = {
			isa = PBXGroup;
			children = (
				AEB897221BC4CAAD0024AD17 /* main.cpp */,
			);
			path = BackgroundEstimator;
			sourceTree = "<group>";
		};
/* End PBXGroup section */

/* Begin PBXNativeTarget section */
		AEB8971E1BC4CAAD0024AD17 /* BackgroundEstimator */ = {
			isa = PBXNativeTarget;
			buildConfigurationList = AEB897261BC4CAAD0024AD17 /* Build configuration list for PBXNativeTarget "BackgroundEstimator" */;
			buildPhases = (
				AEB8971B1BC4CAAD0024AD17 /* Sources */,
				AEB8971C1BC4CAAD0024AD17 /* Frameworks */,
				AEB8971D1BC4CAAD0024AD17 /* CopyFiles */,
			);
			buildRules = (
			);
			dependencies = (
			);
			name = BackgroundEstimator;
			productName = BackgroundEstimator;
			productReference = AEB8971F1BC4CAAD0024AD17 /* BackgroundEstimator */;
			productType = "com.apple.product-type.tool";
		};
/* End PBXNativeTarget section */

/* Begin PBXProject section */
		AEB897171BC4CAAD0024AD17 /* Project object */ = {
			isa = PBXProject;
			attributes = {
				LastUpgradeCheck = 0700;
				ORGANIZATIONNAME = "Iain Nash";
				TargetAttributes = {
					AEB8971E1BC4CAAD0024AD17 = {
						CreatedOnToolsVersion = 7.0;
					};
				};
			};
			buildConfigurationList = AEB8971A1BC4CAAD0024AD17 /* Build configuration list for PBXProject "BackgroundEstimator" */;
			compatibilityVersion = "Xcode 3.2";
			developmentRegion = English;
			hasScannedForEncodings = 0;
			knownRegions = (
				en,
			);
			mainGroup = AEB897161BC4CAAD0024AD17;
			productRefGroup = AEB897201BC4CAAD0024AD17 /* Products */;
			projectDirPath = "";
			projectRoot = "";
			targets = (
				AEB8971E1BC4CAAD0024AD17 /* BackgroundEstimator */,
			);
		};
/* End PBXProject section */

/* Begin PBXSourcesBuildPhase section */
		AEB8971B1BC4CAAD0024AD17 /* Sources */ = {
			isa = PBXSourcesBuildPhase;
			buildActionMask = 2147483647;
			files = (
				AEB897231BC4CAAD0024AD17 /* main.cpp in Sources */,
			);
			runOnlyForDeploymentPostprocessing = 0;
		};
/* End PBXSourcesBuildPhase section */

/* Begin XCBuildConfiguration section */
		AEB897241BC4CAAD0024AD17 /* Debug */ = {
			isa = XCBuildConfiguration;
			buildSettings = {
				ALWAYS_SEARCH_USER_PATHS = NO;
				CLANG_CXX_LANGUAGE_STANDARD = "gnu++0x";
				CLANG_CXX_LIBRARY = "libc++";
				CLANG_ENABLE_MODULES = YES;
				CLANG_ENABLE_OBJC_ARC = YES;
				CLANG_WARN_BOOL_CONVERSION = YES;
				CLANG_WARN_CONSTANT_CONVERSION = YES;
				CLANG_WARN_DIRECT_OBJC_ISA_USAGE = YES_ERROR;
				CLANG_WARN_EMPTY_BODY = YES;
				CLANG_WARN_ENUM_CONVERSION = YES;
				CLANG_WARN_INT_CONVERSION = YES;
				CLANG_WARN_OBJC_ROOT_CLASS = YES_ERROR;
				CLANG_WARN_UNREACHABLE_CODE = YES;
				CLANG_WARN__DUPLICATE_METHOD_MATCH = YES;
				COPY_PHASE_STRIP = NO;
				DEBUG_INFORMATION_FORMAT = dwarf;
				ENABLE_STRICT_OBJC_MSGSEND = YES;
				ENABLE_TESTABILITY = YES;
				GCC_C_LANGUAGE_STANDARD = gnu99;
				GCC_DYNAMIC_NO_PIC = NO;
				GCC_NO_COMMON_BLOCKS = YES;
				GCC_OPTIMIZATION_LEVEL = 0;
				GCC_PREPROCESSOR_DEFINITIONS = (
					"DEBUG=1",
					"$(inherited)",
				);
				GCC_WARN_64_TO_32_BIT_CONVERSION = YES;
				GCC_WARN_ABOUT_RETURN_TYPE = YES_ERROR;
				GCC_WARN_UNDECLARED_SELECTOR = YES;
				GCC_WARN_UNINITIALIZED_AUTOS = YES_AGGRESSIVE;
				GCC_WARN_UNUSED_FUNCTION = YES;
				GCC_WARN_UNUSED_VARIABLE = YES;
				MACOSX_DEPLOYMENT_TARGET = 10.10;
				MTL_ENABLE_DEBUG_INFO = YES;
				ONLY_ACTIVE_ARCH = YES;
				SDKROOT = macosx;
			};
			name = Debug;
		};
		AEB897251BC4CAAD0024AD17 /* Release */ = {
			isa = XCBuildConfiguration;
			buildSettings = {
				ALWAYS_SEARCH_USER_PATHS = NO;
				CLANG_CXX_LANGUAGE_STANDARD = "gnu++0x";
				CLANG_CXX_LIBRARY = "libc++";
				CLANG_ENABLE_MODULES = YES;
				CLANG_ENABLE_OBJC_ARC = YES;
				CLANG_WARN_BOOL_CONVERSION = YES;
				CLANG_WARN_CONSTANT_CONVERSION = YES;
				CLANG_WARN_DIRECT_OBJC_ISA_USAGE = YES_ERROR;
				CLANG_WARN_EMPTY_BODY = YES;
				CLANG_WARN_ENUM_CONVERSION = YES;
				CLANG_WARN_INT_CONVERSION = YES;
				CLANG_WARN_OBJC_ROOT_CLASS = YES_ERROR;
				CLANG_WARN_UNREACHABLE_CODE = YES;
				CLANG_WARN__DUPLICATE_METHOD_MATCH = YES;
				COPY_PHASE_STRIP = NO;
				DEBUG_INFORMATION_FORMAT = "dwarf-with-dsym";
				ENABLE_NS_ASSERTIONS = NO;
				ENABLE_STRICT_OBJC_MSGSEND = YES;
				GCC_C_LANGUAGE_STANDARD = gnu99;
				GCC_NO_COMMON_BLOCKS = YES;
				GCC_WARN_64_TO_32_BIT_CONVERSION = YES;
				GCC_WARN_ABOUT_RETURN_TYPE = YES_ERROR;
				GCC_WARN_UNDECLARED_SELECTOR = YES;
				GCC_WARN_UNINITIALIZED_AUTOS = YES_AGGRESSIVE;
				GCC_WARN_UNUSED_FUNCTION = YES;
				GCC_WARN_UNUSED_VARIABLE = YES;
				MACOSX_DEPLOYMENT_TARGET = 10.10;
				MTL_ENABLE_DEBUG_INFO = NO;
				SDKROOT = macosx;
			};
			name = Release;
		};
		AEB897271BC4CAAD0024AD17 /* Debug */ = {
			isa = XCBuildConfiguration;
			buildSettings = {
				PRODUCT_NAME = "$(TARGET_NAME)";
			};
			name = Debug;
		};
		AEB897281BC4CAAD0024AD17 /* Release */ = {
			isa = XCBuildConfiguration;
			buildSettings = {
				PRODUCT_NAME = "$(TARGET_NAME)";
			};
			name = Release;
		};
/* End XCBuildConfiguration section */

/* Begin XCConfigurationList section */
		AEB8971A1BC4CAAD0024AD17 /* Build configuration list for PBXProject "BackgroundEstimator" */ = {
			isa = XCConfigurationList;
			buildConfigurations = (
				AEB897241BC4CAAD0024AD17 /* Debug */,
				AEB897251BC4CAAD0024AD17 /* Release */,
			);
			defaultConfigurationIsVisible = 0;
			defaultConfigurationName = Release;
		};
		AEB897261BC4CAAD0024AD17 /* Build configuration list for PBXNativeTarget "BackgroundEstimator" */ = {
			isa = XCConfigurationList;
			buildConfigurations = (
				AEB897271BC4CAAD0024AD17 /* Debug */,
				AEB897281BC4CAAD0024AD17 /* Release */,
			);
			defaultConfigurationIsVisible = 0;
		};
/* End XCConfigurationList section */
	};
	rootObject = AEB897171BC4CAAD0024AD17 /* Project object */;
}
